# workspace-dependencies-mode: manual
# py: 3.13
annotated-doc==0.0.5
annotated-types==0.8.0
anyio==4.15.1
boto3==1.43.98
botocore==1.43.98
certifi==2026.7.22
douyin-research-platform @ git+https://github.com/lig9904/douyin-research-platform@fd2694729c784a0f2e34b2c0a4d6746da57813fe
h11==0.16.0
httpcore==1.0.9
httpx==0.28.1
idna==3.20
jmespath==1.1.0
markdown-it-py==4.2.0
mdurl==0.1.2
psycopg==3.3.6
psycopg-binary==3.3.6
pydantic==2.13.5
pydantic-core==2.46.5
pygments==2.21.0
python-dateutil==2.9.0.post0
rich==15.0.0
s3transfer==0.19.2
shellingham==1.5.4
six==1.17.0
tikhub==2.1.1
typer==0.27.2
typing-extensions==4.16.0
typing-inspection==0.4.4
urllib3==2.8.0
wmill==1.815.0
