version: v2
locks:
  f/content_research/analysis/manual_asr_preview: d716b85b436d0571bd87e02788f1f7f901a1d5e826b502c7dcd5d98616b7948e
  f/content_research/analysis/manual_l3_preview: bdfcfbfaf01d0737d0e75d0561b6117164921cb21ab96fd7bff3fc7833addd77
  f/content_research/collectors/manual_comment_collection: c7be1256530517fedcd0cea5d1bb44a168f780087648b8f0f6012a8d8843cf3b
  f/content_research/flows/manual_asr_preview.flow+__flow_hash: 44136fa355b3678a1146ad16f7e8649e94fb4fc21fe77e8310c060f61caaff8a
  f/content_research/flows/manual_comment_collection.flow+__flow_hash: 44136fa355b3678a1146ad16f7e8649e94fb4fc21fe77e8310c060f61caaff8a
  f/content_research/flows/manual_l3_preview.flow+__flow_hash: 44136fa355b3678a1146ad16f7e8649e94fb4fc21fe77e8310c060f61caaff8a
  f/content_research/research_dashboard.raw_app+__app_hash: 414e4a72f3f2a619922502e8be4475bf30a2032337817e4e1aea457c1d02f044
  f/content_research/research_dashboard.raw_app+approve_l3_review.py: f805e2278b3d503cb5b26f61b0e531494d17acd1dadb61ebf575a7c20ead0e4b
  f/content_research/research_dashboard.raw_app+get_account_library.py: 2f3c92de35cd272083bb79a2bd1f045fb9aca9c15c13ab48ac7e7a8a81dbe17d
  f/content_research/research_dashboard.raw_app+get_home_overview.py: e417215c9cc5a40ffcc917a09f5384815edce05865eeea3a4eef1e599a473120
  f/content_research/research_dashboard.raw_app+get_hotspot_library.py: 442a6d98e3d90177f3b1563dea19bcef2ceb8ad7e00686df9b04313001790f27
  f/content_research/research_dashboard.raw_app+get_operations_overview.py: 7067812973bad58f30df3b881b4df99d5edd88e41e3dc464c84241e0b9d4973b
  f/content_research/research_dashboard.raw_app+get_research_user_state.py: d99c29290422af5bc353d9025ed1850e8b23a4b3a9b5910b5550b08a6a5af5cd
  f/content_research/research_dashboard.raw_app+get_video_library.py: c30c2ae6118d2f697f43b2b420484c0e6f476d0ae0466b4b4c342a3839b5bde3
  f/content_research/research_dashboard.raw_app+get_video_metric_timeline.py: 4dc8311eb12ca13074e94a29f205b188a50e2f2602e7db7fa94e61d1a9ee426e
  f/content_research/research_dashboard.raw_app+mutate_research_state.py: 8f097e4a425884ee48de061e582361e89ff32e5c3adea779c9540ecbd9a2cb91
  f/content_research/research_dashboard.raw_app+prepare_l3_review.py: fa057dae7637ab4043076272d0a0b479e4eeef65a7dfb1081458f7a62a1c5159
  f/content_research/research_dashboard.raw_app+preview_l3_budget.py: 34d6646f0a64944c3ec87c085982608a58d06dee535913088b5be149ac0f942e
  f/content_research/research_dashboard.raw_app+search_research.py: 67b81e16113ae996bae6c0bb8361b3febdc4d0797b42561900ac25f0259da16e
  f/content_research/research_tool_lib/account_similarity: 3c70489c858ef113cc4cf5dfc85fdaf5d0b3818381745033777ea47bac137c8b
  f/content_research/research_tool_lib/queries: b186a79fbc8fc771e501df4f27b15e4c71251d4d9d500caee0ef3631830eed43
  f/content_research/research_tools/get_account_videos: 283e9053e7e11cc706c54750a053d5a5949944223543ebe1427ed6c4b8bbda25
  f/content_research/research_tools/get_blackhorse_videos: 05101b6c84c7c5f67760fc88b80710794b6473997e30aedb5d6f22eda2bba263
  f/content_research/research_tools/get_case_detail: 3dcdbb415af49b716adc4fc0121d1b0ceb4cae42646f52f229e958e7ebf06f0f
  f/content_research/research_tools/get_hot_videos: 35be891e7b5747c24336437274a70c370043e65522860f6fc5939212cb124000
  f/content_research/research_tools/get_metric_history: 5037a36831307e1e8e7fc281779b18a4bff521ff5a7df63ee17247d99f13b99e
  f/content_research/research_tools/search_accounts: c4f31639ce5574bc72be3b0a2ddf2ffd830af86485a41962c51b69d76419d147
  f/content_research/research_tools/search_cases: 7aaf0bfe8e29c83f80e8d58dad5d5a5a0788c373f291bb7e61908a33202c1c7a
