version: v2
locks:
  f/content_research/analysis/manual_asr_preview: d716b85b436d0571bd87e02788f1f7f901a1d5e826b502c7dcd5d98616b7948e
  f/content_research/analysis/manual_l3_preview: bdfcfbfaf01d0737d0e75d0561b6117164921cb21ab96fd7bff3fc7833addd77
  f/content_research/collectors/manual_comment_collection: c7be1256530517fedcd0cea5d1bb44a168f780087648b8f0f6012a8d8843cf3b
  f/content_research/flows/manual_asr_preview.flow+__flow_hash: 44136fa355b3678a1146ad16f7e8649e94fb4fc21fe77e8310c060f61caaff8a
  f/content_research/flows/manual_comment_collection.flow+__flow_hash: 44136fa355b3678a1146ad16f7e8649e94fb4fc21fe77e8310c060f61caaff8a
  f/content_research/flows/manual_l3_preview.flow+__flow_hash: 44136fa355b3678a1146ad16f7e8649e94fb4fc21fe77e8310c060f61caaff8a
  f/content_research/research_dashboard.raw_app+__app_hash: 75f18de38b1bffe41dca51863649445cb3ab5e553d70efb098a48673f3afea43
  f/content_research/research_dashboard.raw_app+approve_l3_review.py: f805e2278b3d503cb5b26f61b0e531494d17acd1dadb61ebf575a7c20ead0e4b
  f/content_research/research_dashboard.raw_app+get_account_library.py: 94564d0186e23b1d7dbcb5996f901413c142546c8cb66a5b0f8f99338dcba28a
  f/content_research/research_dashboard.raw_app+get_home_overview.py: e417215c9cc5a40ffcc917a09f5384815edce05865eeea3a4eef1e599a473120
  f/content_research/research_dashboard.raw_app+get_hotspot_library.py: 442a6d98e3d90177f3b1563dea19bcef2ceb8ad7e00686df9b04313001790f27
  f/content_research/research_dashboard.raw_app+get_operations_overview.py: 7067812973bad58f30df3b881b4df99d5edd88e41e3dc464c84241e0b9d4973b
  f/content_research/research_dashboard.raw_app+get_research_user_state.py: d99c29290422af5bc353d9025ed1850e8b23a4b3a9b5910b5550b08a6a5af5cd
  f/content_research/research_dashboard.raw_app+get_video_library.py: c30c2ae6118d2f697f43b2b420484c0e6f476d0ae0466b4b4c342a3839b5bde3
  f/content_research/research_dashboard.raw_app+get_video_metric_timeline.py: 4dc8311eb12ca13074e94a29f205b188a50e2f2602e7db7fa94e61d1a9ee426e
  f/content_research/research_dashboard.raw_app+mutate_research_state.py: d54c0f2ee490dee7fc508cc4fc73e1d3ae6e9e94996f5eeb256a6a0a3b250bba
  f/content_research/research_dashboard.raw_app+prepare_l3_review.py: fa057dae7637ab4043076272d0a0b479e4eeef65a7dfb1081458f7a62a1c5159
  f/content_research/research_dashboard.raw_app+preview_l3_budget.py: 34d6646f0a64944c3ec87c085982608a58d06dee535913088b5be149ac0f942e
  f/content_research/research_dashboard.raw_app+search_research.py: 67b81e16113ae996bae6c0bb8361b3febdc4d0797b42561900ac25f0259da16e
