version: v2
locks:
  f/content_research/analysis/dispatch_pending_project_l3: cab59ca86b6b20f5970b1d7f19a68fb9a884ae161b1c8be85007622611786706
  f/content_research/analysis/dispatch_reviewed_asr: 9262e366a9bba2d619cc1eaef9bbdb404e3433810b264d8cab169803461f0d2d
  f/content_research/analysis/dispatch_reviewed_l3: d26365e64b7b822d44cf9ea3005dd767ee846f3cd585cac70681bafd13c2d42f
  f/content_research/analysis/manual_asr_preview: b9e0fdd71d91376e70101845d5dc08c4a78f72156d043ea839f643f0abf215ba
  f/content_research/analysis/manual_l3_preview: b19253ce05c477f732ef6bb3c0ca3bf9c0be7c104ec717ac5edc6332e2a84949
  f/content_research/analysis/poll_pending_asr: 7ceb0e1099ebf3eb312d1e565217adcdddeb56c306f47bc8b6887332a5d33103
  f/content_research/analysis/run_project_reviewed_l3: 5f759a54282d87ddc08ce3fca8bd7a7953a1e9c5d5ff69d2186922157e47f845
  f/content_research/analysis/run_reviewed_asr: 52c4be95aeb468308d122b7022019e4f66cd30dc6cc67e0b633ba0e8583943c9
  f/content_research/analysis/run_reviewed_l3: eef9c72fe55a421c79d6b54568d1cf355c4e5bfadd39dab3be1c8008eaeeee5f
  f/content_research/collectors/dispatch_due_research_briefs: 048cea127c64a6eb67a0ac6aa571d56f32c63d4c2e1c8cbf079255d37c1bdce8
  f/content_research/collectors/ingest_video_media: 3ce391723246da74c6fa209ab4aac416c1e268e9cdd7abc2ec5d8f7d24c1817e
  f/content_research/collectors/manual_comment_collection: 3f8bb1baffe9f527547e6f34bba519d58f528147026790026adfd868e435bf13
  f/content_research/collectors/manual_golden_intake: 9a11a965f25c42fdc09dfed5af0fb11efa9d88d8f6934844a9ac00c42a8a74bd
  f/content_research/collectors/process_comment_batch: 5a116a03c6a3e5211a3081a83c8171e8ef798a23785ab400cfb5a05cba4c7727
  f/content_research/collectors/run_research_brief: 48ba98f20cfa6d26cc3fdc379ab00281f1dd24b2215f96fb9a925ea274df3eb9
  f/content_research/collectors/scheduled_golden_intake: 531d76b9b91a21a237c5487c70f0ffd55cf9710f4d303dd7cb50c8b4cd4eb3b6
  f/content_research/collectors/select_cycle_media: b05c6a7ca8a54735b701edefe4db3964f3f2b7a3e194c99601a0fc7624fc4b71
  f/content_research/collectors/sync_daily_spend: 76c586db0a9031e43fe53a55ccc8ecd31ccc4b112c14a777893754f8b966a6eb
  f/content_research/collectors/sync_volcengine_daily_bill: abe0b8c33ec046a07d9b5dc262df60eca4afea64c2f2560543b2c3bd1d95627e
  f/content_research/flows/manual_asr_preview.flow+__flow_hash: 44136fa355b3678a1146ad16f7e8649e94fb4fc21fe77e8310c060f61caaff8a
  f/content_research/flows/manual_comment_collection.flow+__flow_hash: 44136fa355b3678a1146ad16f7e8649e94fb4fc21fe77e8310c060f61caaff8a
  f/content_research/flows/manual_golden_intake.flow+__flow_hash: 44136fa355b3678a1146ad16f7e8649e94fb4fc21fe77e8310c060f61caaff8a
  f/content_research/flows/manual_l3_preview.flow+__flow_hash: 44136fa355b3678a1146ad16f7e8649e94fb4fc21fe77e8310c060f61caaff8a
  f/content_research/flows/research_brief_cycle.flow+__flow_hash: 44136fa355b3678a1146ad16f7e8649e94fb4fc21fe77e8310c060f61caaff8a
  f/content_research/flows/scheduled_research_cycle.flow+__flow_hash: 44136fa355b3678a1146ad16f7e8649e94fb4fc21fe77e8310c060f61caaff8a
  f/content_research/project_asr/approve_media_review: b544896b2d9d76283cb4c7c9411672250a192c5f6360ab628cb86188ce5aaf28
  f/content_research/project_asr/dispatch_pending_reviewed_asr: d10679de894c5f0959c65815a5e5bd3008b39fe0d9121a47a62e56122de08de0
  f/content_research/project_asr/dispatch_reviewed_asr: 67bcc33e49491368638f02cf17663ce8b7584d21cc1278529a6d882a670aebe7
  f/content_research/project_asr/media_review_preview: c1d838025fdb89a0f2ed899cf8f60ff6242ef4b0485ccffd7210444e54b021f0
  f/content_research/project_asr/poll_pending_reviewed_asr: 1dc7785dbd3bafe2722f5e92ce2c6c7126b9627d5286add33855cd364ff5047a
  f/content_research/project_asr/poll_reviewed_asr: 9885313c7df6408f4db4e605783559d4099f77b252db1ddfdd07aa6b3f2c99ae
  f/content_research/project_asr/revoke_media_review: baf36888ab895ee596f996acb09608a7a394bfd238873a0ddcd2fe9ccee2618c
  f/content_research/project_las/dispatch_video: 6309019717844abef111b296d78791558a93eee3482c1b31cb04e1da837c7518
  f/content_research/project_las/poll_video: 79239004855a94952d09bde7c343f294b4aaf74bef12e54489e43d8b353fd19d
  f/content_research/project_las/run_pending: 9f6cbc273b857cf55e6d662e155b4fb9e8fc5802b979614e50753c24d86c1893
  f/content_research/research_dashboard.raw_app+__app_hash: 28f75fd399acee61a5d4b7c0ce294250b00774dd56d84d11cb880e4db4d5d4aa
  f/content_research/research_dashboard.raw_app+approve_l3_review.py: 7aa996ccaf55d07546ace966cfee02777047122a46405477159dfd1e57981009
  f/content_research/research_dashboard.raw_app+asr_media_review.py: e21c411bf9deeff5111056f35ab90584c70a9718f46a1dd2b1154f916078f241
  f/content_research/research_dashboard.raw_app+get_account_library.py: 794ba44a990d1f375488e7748351e051697a63cd2df08e9eadab662ffc0e38a7
  f/content_research/research_dashboard.raw_app+get_daily_briefing.py: ce333a4eacdc35712d7e29fb4bc6e6dd256d8741aa3bd6d222515b95f30ade29
  f/content_research/research_dashboard.raw_app+get_home_overview.py: b0dca3d41609151403e322e59bd0133333e65da3d8a675bee647977c5ca44cda
  f/content_research/research_dashboard.raw_app+get_hotspot_library.py: d87b5dc2cf9b8414c3af51d351a66a36c274916f0f81afa4330d59b937175eb5
  f/content_research/research_dashboard.raw_app+get_my_projects.py: f5ac0bcdb8afca97c5686de9b5c891cf361e904f4c2ecf57f7bce29080bc9267
  f/content_research/research_dashboard.raw_app+get_operations_overview.py: ba6a5a6c7574a281a8584eb5b59e5cdccab023230d16bfe63de82df048e7b63f
  f/content_research/research_dashboard.raw_app+get_project_accounts.py: 1f046da833f6350cc65c2f39d68dae1d0e31dd2fdf9179723ef93b8d56172b5c
  f/content_research/research_dashboard.raw_app+get_project_collaboration.py: 1186ee90d8952fa4b4d73a8e451c882dc536b8b094911364279ebd55cacd9919
  f/content_research/research_dashboard.raw_app+get_project_daily_cost.py: 59ee9c0f798b5e130ece95d35caf76a4cc6234fd7a11a0afcc44eadf79c99a10
  f/content_research/research_dashboard.raw_app+get_project_decision_loop.py: 667a80d59311299309219744d0067135d34783cd99d001488586072ba52f8086
  f/content_research/research_dashboard.raw_app+get_project_subjects.py: 15608f82e06c48b752e3be40cc1cf6db74d80771a7c17b3e7261a3999ca6b380
  f/content_research/research_dashboard.raw_app+get_research_briefs.py: 3c5debdef667da59bb1c6610bd453f511da5041be9d58de8d14028758395308c
  f/content_research/research_dashboard.raw_app+get_research_user_state.py: 1af35e9ed8a25aa3b33cc9810db3f59cbf6be8e6db924648dedef06b54236fd9
  f/content_research/research_dashboard.raw_app+get_subject_profiles.py: f68ab77f11af48a386a96beec1ec6e92bbd05e6f06284215d94ed2664aa2c2d9
  f/content_research/research_dashboard.raw_app+get_video_library.py: bab70cd63aba3b8f3710d6c3a7e1e3a22a42dd5d2621fc6ee883a1422bae1567
  f/content_research/research_dashboard.raw_app+get_video_metric_timeline.py: 6d91e7276b4fe8c0a84c8867d2482830c7c447fbdafe84a668fb02ed1819e5af
  f/content_research/research_dashboard.raw_app+get_video_raw_records.py: d888827117e722e9a7677116156f3bd8cb0a6a640e71531151072fe289b5005e
  f/content_research/research_dashboard.raw_app+manage_project_case_review.py: 51818363c80d8205156136a29a8a6f7d11fc028ee2283f97d294df28f0ac4000
  f/content_research/research_dashboard.raw_app+manage_project_video_evidence.py: 93be70da1a7924668fbdf2fd553c441e8f3b8e353c1dbfbdb4c90dd647d7fd1b
  f/content_research/research_dashboard.raw_app+mutate_project_collaboration.py: 209f1fb0f0dc5819600f47c19ead015ff220af1c63a81a23a23260bf136e0620
  f/content_research/research_dashboard.raw_app+mutate_project_decision_loop.py: a4f4a0082356f2608f2ed7a34bac1ad7fadd19924150ea24f1de8907e6f6b97d
  f/content_research/research_dashboard.raw_app+mutate_project_subject.py: 9e3c805bf1a36ef15c469b14094411e48f877928d7124bb1d8fd929bd841701a
  f/content_research/research_dashboard.raw_app+mutate_research_brief.py: bbc22846cb70eee7a0fa03c598356f5ab1d26c5bf8df4700842e027b65f904d1
  f/content_research/research_dashboard.raw_app+mutate_research_state.py: 79114a814a2500fd5de4f8ff4398838901df446d4e514fdd2da5cf5fe128dd0a
  f/content_research/research_dashboard.raw_app+mutate_subject_profile.py: cc5f63cb1e76a755f47fe9f70246229399fa494397ad1c739e7a16e14a089d28
  f/content_research/research_dashboard.raw_app+prepare_l3_review.py: 10b3e61a3a46b10f81ce0fe0dc5257db7444bf934d7983b04406d544c0cc340e
  f/content_research/research_dashboard.raw_app+preview_l3_budget.py: 4c01bfba19cf91d07a07c99b7855568ed63f6e5e0d639cc686eb0c2139d1e149
  f/content_research/research_dashboard.raw_app+project_approve_l3_review.py: a732fd5115baf89abd1c2b8f8f63994fb6408a5e4b5735da4cd7d3fdfb60928b
  f/content_research/research_dashboard.raw_app+project_asr_media_review.py: 1dec531e1f32093dea15cfc87260487457f973013b59a55209aab07dbc276b16
  f/content_research/research_dashboard.raw_app+project_creative_concepts.py: 1c039786b524876d9f9d5da4b3afa20a50abafbbe56819b7f80388e82577a861
  f/content_research/research_dashboard.raw_app+project_las_video_review.py: fb3e3df40a567e06d368d05b9ff0cd0d6ece228ada39561bf31d118fec77360c
  f/content_research/research_dashboard.raw_app+project_prepare_l3_review.py: 62832af9f0af7dadd76423ef91dd9d35d940f11d717d3fe49d87d0e9bb0116ab
  f/content_research/research_dashboard.raw_app+project_video_media_preview.py: c10ce1589d941e6e3e169cd904fcee2be9d7ed74e97d7f9da9434afdff60d1b8
  f/content_research/research_dashboard.raw_app+refresh_project_account_profile.py: 2838ad1e55f32da0c57942e04558066c99e4380b16310bb131c0d494929fa573
  f/content_research/research_dashboard.raw_app+refresh_project_video_statistics.py: 71a9d28e5228abc0bf6699fa424b15a43db3f2ddcd7d2111959a8db2a92dc8b8
  f/content_research/research_dashboard.raw_app+run_manual_golden_intake.py: 9f5e78ded3240f59a97018b92adc495a8d67809be8f20de22d07c06ce96e314b
  f/content_research/research_dashboard.raw_app+search_research.py: 98994325cae5424f905e4f23501967b74dd39b28b08ac2e2df45d6fba560ac21
  f/content_research/research_dashboard.raw_app+video_media_preview.py: 6455094a7d9dd954d99b680b899e05c3d640bebd544a448cdaa0e792aa7fb4c5
  f/content_research/research_tool_lib/account_similarity: 9508d91edf598bf037115de932c7c15d3268a2a7381ee2159923c6c41f02e8d3
  f/content_research/research_tool_lib/queries: 3936708bd2283c3c8de263b5c877ea3206f2167ce4f003e6233481ea119f78c9
  f/content_research/research_tools/get_account_videos: 3a3b1103a975a819b9863522d6975b35de964d605323f4611c9dfef7541407ab
  f/content_research/research_tools/get_blackhorse_videos: 39eb3369ef3f4b7f7e93ac429def64fdbeabb3c4f45c3e68b86a469d1b0a1e7a
  f/content_research/research_tools/get_case_detail: 9542e14b8c0ee372aaa965de6a58203180ffd6090ba83fce71548136cef1ffd5
  f/content_research/research_tools/get_cost_summary: b342ad4f9a67b67fabb6ff0e9ff1fff8e5af21e14cfb94c7f802fbd7fb14db80
  f/content_research/research_tools/get_daily_briefing: d8310acdb679f032bb718f1a3efd9b156b402d7f4a0d92cc7a4197cd7e9e4c52
  f/content_research/research_tools/get_hot_videos: 113bdb54c6bfb8cff7e939c2ad6da6e5c1b57c8b8710407fca8d5f50d908d0eb
  f/content_research/research_tools/get_metric_history: 5217b9102cb43383bb17eb06b6b5645f630d43ac03ba77d2e862d2373b1b1602
  f/content_research/research_tools/get_research_briefs: b7a72f4a69d9c5f88e9e5419440b7b730a6404deb577629b2a71a31c28b1dcc4
  f/content_research/research_tools/search_accounts: a4a691bc73cb60b6e23f5a4b274c929d9ac028a0c3f907745765af41db3d151e
  f/content_research/research_tools/search_cases: 7586d0716d1727f2e0c75472c9bdbfa301265f22f2dd35ce32be6bd74d46a241
